PODS:
  - DAO (0.1.0):
    - RealmSwift (~> 2.4)
  - Realm (2.4.1):
    - Realm/Headers (= 2.4.1)
  - Realm/Headers (2.4.1)
  - RealmSwift (2.4.1):
    - Realm (= 2.4.1)

DEPENDENCIES:
  - DAO (from `../`)

EXTERNAL SOURCES:
  DAO:
    :path: "../"

SPEC CHECKSUMS:
  DAO: f4ea3d0c9d754245ffd1c84388d6103a08912521
  Realm: 37a5198a197598d9ec0e4d1ae2f64924c86eeb9a
  RealmSwift: d69e431b79a41acdf14c404b868ae1c2458916e1

PODFILE CHECKSUM: 55a6191ce801aafaee1d966ae50fdd58963d0e41

COCOAPODS: 1.2.0
